
Microsoft Visual Studio Solution File, Format Version 12.00
# Visual Studio Version 17
VisualStudioVersion = 17.7.34202.233
MinimumVisualStudioVersion = 10.0.40219.1
Project("{2150E333-8FDC-42A3-9474-1A3956D46DE8}") = "00. - Shared Layer", "00. - Shared Layer", "{D271EAB3-BE63-452F-A17D-55E745319295}"
EndProject
Project("{2150E333-8FDC-42A3-9474-1A3956D46DE8}") = "01. - Domain Layer", "01. - Domain Layer", "{620EDA5F-9660-47DD-B56B-AF5349B897FF}"
EndProject
Project("{2150E333-8FDC-42A3-9474-1A3956D46DE8}") = "02. - Repository Layer", "02. - Repository Layer", "{3C0019AE-652A-4BD3-A854-4860233ED658}"
EndProject
Project("{2150E333-8FDC-42A3-9474-1A3956D46DE8}") = "03. - Service Layer", "03. - Service Layer", "{C9144960-658C-4AC0-8103-421E2424DD9F}"
EndProject
Project("{2150E333-8FDC-42A3-9474-1A3956D46DE8}") = "04. - Presentation Layer", "04. - Presentation Layer", "{A87E8056-105F-44A2-A918-F071742C8A95}"
EndProject
Project("{2150E333-8FDC-42A3-9474-1A3956D46DE8}") = "05. - Unit Testing Layer", "05. - Unit Testing Layer", "{7AF9AC7C-A19C-4BC8-9413-CC1D56B9B16C}"
EndProject
Project("{2150E333-8FDC-42A3-9474-1A3956D46DE8}") = "4.1 - Web", "4.1 - Web", "{2FE5BA17-42E8-4C4B-85CC-0FB032819C78}"
EndProject
Project("{2150E333-8FDC-42A3-9474-1A3956D46DE8}") = "4.2 - APIs", "4.2 - APIs", "{72D05003-72FD-401C-864C-8A13D33D84CB}"
EndProject
Project("{9A19103F-16F7-4668-BE54-9A1E7A4F7556}") = "SIGASFL.Entities", "SIGASFL.Entities\SIGASFL.Entities.csproj", "{1DD99CD0-24BF-4F1D-9B42-1791BB4D24A8}"
EndProject
Project("{9A19103F-16F7-4668-BE54-9A1E7A4F7556}") = "SIGASFL.Models", "SIGASFL.Models\SIGASFL.Models.csproj", "{C8F180C3-0E0C-47FB-9061-B53899B48BBE}"
EndProject
Project("{9A19103F-16F7-4668-BE54-9A1E7A4F7556}") = "SIGASFL.Repositories", "SIGASFL.Repositories\SIGASFL.Repositories.csproj", "{E5E8A22A-B007-47EC-A902-22A7917A7696}"
EndProject
Project("{9A19103F-16F7-4668-BE54-9A1E7A4F7556}") = "SIGASFL.Services", "SIGASFL.Services\SIGASFL.Services.csproj", "{543C1F15-F006-4969-A4F8-595C0B60ABEC}"
EndProject
Project("{9A19103F-16F7-4668-BE54-9A1E7A4F7556}") = "SIGASFL.UnitTest", "SIGASFL.UnitTest\SIGASFL.UnitTest.csproj", "{FE68A69B-BC64-431A-BE9F-B35A6454AD60}"
EndProject
Project("{9A19103F-16F7-4668-BE54-9A1E7A4F7556}") = "SIGASFL.Helpers", "SIGASFL.Helpers\SIGASFL.Helpers.csproj", "{93176475-9811-483B-8084-6E1036644D41}"
EndProject
Project("{9A19103F-16F7-4668-BE54-9A1E7A4F7556}") = "SIGASFL.Restful", "SIGASFL.Restful\SIGASFL.Restful.csproj", "{20D27FED-BA31-471B-A09B-60A060CEA478}"
EndProject
Project("{9A19103F-16F7-4668-BE54-9A1E7A4F7556}") = "SIGASFL.UIX", "SIGASFL.UIX\SIGASFL.UIX.csproj", "{181508B0-6B99-464F-9286-6A5CCCA5098A}"
EndProject
Global
	GlobalSection(SolutionConfigurationPlatforms) = preSolution
		Debug|Any CPU = Debug|Any CPU
		Release|Any CPU = Release|Any CPU
	EndGlobalSection
	GlobalSection(ProjectConfigurationPlatforms) = postSolution
		{1DD99CD0-24BF-4F1D-9B42-1791BB4D24A8}.Debug|Any CPU.ActiveCfg = Debug|Any CPU
		{1DD99CD0-24BF-4F1D-9B42-1791BB4D24A8}.Debug|Any CPU.Build.0 = Debug|Any CPU
		{1DD99CD0-24BF-4F1D-9B42-1791BB4D24A8}.Release|Any CPU.ActiveCfg = Release|Any CPU
		{1DD99CD0-24BF-4F1D-9B42-1791BB4D24A8}.Release|Any CPU.Build.0 = Release|Any CPU
		{C8F180C3-0E0C-47FB-9061-B53899B48BBE}.Debug|Any CPU.ActiveCfg = Debug|Any CPU
		{C8F180C3-0E0C-47FB-9061-B53899B48BBE}.Debug|Any CPU.Build.0 = Debug|Any CPU
		{C8F180C3-0E0C-47FB-9061-B53899B48BBE}.Release|Any CPU.ActiveCfg = Release|Any CPU
		{C8F180C3-0E0C-47FB-9061-B53899B48BBE}.Release|Any CPU.Build.0 = Release|Any CPU
		{E5E8A22A-B007-47EC-A902-22A7917A7696}.Debug|Any CPU.ActiveCfg = Debug|Any CPU
		{E5E8A22A-B007-47EC-A902-22A7917A7696}.Debug|Any CPU.Build.0 = Debug|Any CPU
		{E5E8A22A-B007-47EC-A902-22A7917A7696}.Release|Any CPU.ActiveCfg = Release|Any CPU
		{E5E8A22A-B007-47EC-A902-22A7917A7696}.Release|Any CPU.Build.0 = Release|Any CPU
		{543C1F15-F006-4969-A4F8-595C0B60ABEC}.Debug|Any CPU.ActiveCfg = Debug|Any CPU
		{543C1F15-F006-4969-A4F8-595C0B60ABEC}.Debug|Any CPU.Build.0 = Debug|Any CPU
		{543C1F15-F006-4969-A4F8-595C0B60ABEC}.Release|Any CPU.ActiveCfg = Release|Any CPU
		{543C1F15-F006-4969-A4F8-595C0B60ABEC}.Release|Any CPU.Build.0 = Release|Any CPU
		{FE68A69B-BC64-431A-BE9F-B35A6454AD60}.Debug|Any CPU.ActiveCfg = Debug|Any CPU
		{FE68A69B-BC64-431A-BE9F-B35A6454AD60}.Debug|Any CPU.Build.0 = Debug|Any CPU
		{FE68A69B-BC64-431A-BE9F-B35A6454AD60}.Release|Any CPU.ActiveCfg = Release|Any CPU
		{FE68A69B-BC64-431A-BE9F-B35A6454AD60}.Release|Any CPU.Build.0 = Release|Any CPU
		{93176475-9811-483B-8084-6E1036644D41}.Debug|Any CPU.ActiveCfg = Debug|Any CPU
		{93176475-9811-483B-8084-6E1036644D41}.Debug|Any CPU.Build.0 = Debug|Any CPU
		{93176475-9811-483B-8084-6E1036644D41}.Release|Any CPU.ActiveCfg = Release|Any CPU
		{93176475-9811-483B-8084-6E1036644D41}.Release|Any CPU.Build.0 = Release|Any CPU
		{20D27FED-BA31-471B-A09B-60A060CEA478}.Debug|Any CPU.ActiveCfg = Debug|Any CPU
		{20D27FED-BA31-471B-A09B-60A060CEA478}.Debug|Any CPU.Build.0 = Debug|Any CPU
		{20D27FED-BA31-471B-A09B-60A060CEA478}.Release|Any CPU.ActiveCfg = Release|Any CPU
		{20D27FED-BA31-471B-A09B-60A060CEA478}.Release|Any CPU.Build.0 = Release|Any CPU
		{181508B0-6B99-464F-9286-6A5CCCA5098A}.Debug|Any CPU.ActiveCfg = Debug|Any CPU
		{181508B0-6B99-464F-9286-6A5CCCA5098A}.Debug|Any CPU.Build.0 = Debug|Any CPU
		{181508B0-6B99-464F-9286-6A5CCCA5098A}.Release|Any CPU.ActiveCfg = Release|Any CPU
		{181508B0-6B99-464F-9286-6A5CCCA5098A}.Release|Any CPU.Build.0 = Release|Any CPU
	EndGlobalSection
	GlobalSection(SolutionProperties) = preSolution
		HideSolutionNode = FALSE
	EndGlobalSection
	GlobalSection(NestedProjects) = preSolution
		{2FE5BA17-42E8-4C4B-85CC-0FB032819C78} = {A87E8056-105F-44A2-A918-F071742C8A95}
		{72D05003-72FD-401C-864C-8A13D33D84CB} = {A87E8056-105F-44A2-A918-F071742C8A95}
		{1DD99CD0-24BF-4F1D-9B42-1791BB4D24A8} = {620EDA5F-9660-47DD-B56B-AF5349B897FF}
		{C8F180C3-0E0C-47FB-9061-B53899B48BBE} = {620EDA5F-9660-47DD-B56B-AF5349B897FF}
		{E5E8A22A-B007-47EC-A902-22A7917A7696} = {3C0019AE-652A-4BD3-A854-4860233ED658}
		{543C1F15-F006-4969-A4F8-595C0B60ABEC} = {C9144960-658C-4AC0-8103-421E2424DD9F}
		{FE68A69B-BC64-431A-BE9F-B35A6454AD60} = {7AF9AC7C-A19C-4BC8-9413-CC1D56B9B16C}
		{93176475-9811-483B-8084-6E1036644D41} = {D271EAB3-BE63-452F-A17D-55E745319295}
		{20D27FED-BA31-471B-A09B-60A060CEA478} = {72D05003-72FD-401C-864C-8A13D33D84CB}
		{181508B0-6B99-464F-9286-6A5CCCA5098A} = {2FE5BA17-42E8-4C4B-85CC-0FB032819C78}
	EndGlobalSection
	GlobalSection(ExtensibilityGlobals) = postSolution
		SolutionGuid = {40342DFA-F819-411F-B8CD-791563135ED9}
	EndGlobalSection
EndGlobal
